
Microsoft Visual Studio Solution File, Format Version 12.00
# Visual Studio 14
VisualStudioVersion = 14.0.25420.1
MinimumVisualStudioVersion = 10.0.40219.1
Project("{FAE04EC0-301F-11D3-BF4B-00C04F79EFBC}") = "Google.Music.Downloader", "Google.Music.Downloader\Google.Music.Downloader.csproj", "{030AAD55-7928-4415-A39E-CB3209A00959}"
EndProject
Project("{6141683F-8A12-4E36-9623-2EB02B2C2303}") = "Google.Music.Downloader.Installer", "Google.Music.Downloader.Installer\Google.Music.Downloader.Installer.isproj", "{53BAB6D5-6F91-4303-AFF1-A818706E7971}"
	ProjectSection(ProjectDependencies) = postProject
		{030AAD55-7928-4415-A39E-CB3209A00959} = {030AAD55-7928-4415-A39E-CB3209A00959}
	EndProjectSection
EndProject
Global
	GlobalSection(SolutionConfigurationPlatforms) = preSolution
		CD_ROM|Any CPU = CD_ROM|Any CPU
		CD_ROM|ARM = CD_ROM|ARM
		CD_ROM|x64 = CD_ROM|x64
		CD_ROM|x86 = CD_ROM|x86
		Debug|Any CPU = Debug|Any CPU
		Debug|ARM = Debug|ARM
		Debug|x64 = Debug|x64
		Debug|x86 = Debug|x86
		DVD-5|Any CPU = DVD-5|Any CPU
		DVD-5|ARM = DVD-5|ARM
		DVD-5|x64 = DVD-5|x64
		DVD-5|x86 = DVD-5|x86
		Release|Any CPU = Release|Any CPU
		Release|ARM = Release|ARM
		Release|x64 = Release|x64
		Release|x86 = Release|x86
		SingleImage|Any CPU = SingleImage|Any CPU
		SingleImage|ARM = SingleImage|ARM
		SingleImage|x64 = SingleImage|x64
		SingleImage|x86 = SingleImage|x86
	EndGlobalSection
	GlobalSection(ProjectConfigurationPlatforms) = postSolution
		{030AAD55-7928-4415-A39E-CB3209A00959}.CD_ROM|Any CPU.ActiveCfg = Release|Any CPU
		{030AAD55-7928-4415-A39E-CB3209A00959}.CD_ROM|Any CPU.Build.0 = Release|Any CPU
		{030AAD55-7928-4415-A39E-CB3209A00959}.CD_ROM|ARM.ActiveCfg = Release|Any CPU
		{030AAD55-7928-4415-A39E-CB3209A00959}.CD_ROM|ARM.Build.0 = Release|Any CPU
		{030AAD55-7928-4415-A39E-CB3209A00959}.CD_ROM|x64.ActiveCfg = Release|Any CPU
		{030AAD55-7928-4415-A39E-CB3209A00959}.CD_ROM|x64.Build.0 = Release|Any CPU
		{030AAD55-7928-4415-A39E-CB3209A00959}.CD_ROM|x86.ActiveCfg = Release|Any CPU
		{030AAD55-7928-4415-A39E-CB3209A00959}.CD_ROM|x86.Build.0 = Release|Any CPU
		{030AAD55-7928-4415-A39E-CB3209A00959}.Debug|Any CPU.ActiveCfg = Debug|Any CPU
		{030AAD55-7928-4415-A39E-CB3209A00959}.Debug|Any CPU.Build.0 = Debug|Any CPU
		{030AAD55-7928-4415-A39E-CB3209A00959}.Debug|ARM.ActiveCfg = Debug|Any CPU
		{030AAD55-7928-4415-A39E-CB3209A00959}.Debug|ARM.Build.0 = Debug|Any CPU
		{030AAD55-7928-4415-A39E-CB3209A00959}.Debug|x64.ActiveCfg = Debug|Any CPU
		{030AAD55-7928-4415-A39E-CB3209A00959}.Debug|x64.Build.0 = Debug|Any CPU
		{030AAD55-7928-4415-A39E-CB3209A00959}.Debug|x86.ActiveCfg = Debug|Any CPU
		{030AAD55-7928-4415-A39E-CB3209A00959}.Debug|x86.Build.0 = Debug|Any CPU
		{030AAD55-7928-4415-A39E-CB3209A00959}.DVD-5|Any CPU.ActiveCfg = Debug|Any CPU
		{030AAD55-7928-4415-A39E-CB3209A00959}.DVD-5|Any CPU.Build.0 = Debug|Any CPU
		{030AAD55-7928-4415-A39E-CB3209A00959}.DVD-5|ARM.ActiveCfg = Debug|Any CPU
		{030AAD55-7928-4415-A39E-CB3209A00959}.DVD-5|ARM.Build.0 = Debug|Any CPU
		{030AAD55-7928-4415-A39E-CB3209A00959}.DVD-5|x64.ActiveCfg = Debug|Any CPU
		{030AAD55-7928-4415-A39E-CB3209A00959}.DVD-5|x64.Build.0 = Debug|Any CPU
		{030AAD55-7928-4415-A39E-CB3209A00959}.DVD-5|x86.ActiveCfg = Debug|Any CPU
		{030AAD55-7928-4415-A39E-CB3209A00959}.DVD-5|x86.Build.0 = Debug|Any CPU
		{030AAD55-7928-4415-A39E-CB3209A00959}.Release|Any CPU.ActiveCfg = Release|Any CPU
		{030AAD55-7928-4415-A39E-CB3209A00959}.Release|Any CPU.Build.0 = Release|Any CPU
		{030AAD55-7928-4415-A39E-CB3209A00959}.Release|ARM.ActiveCfg = Release|Any CPU
		{030AAD55-7928-4415-A39E-CB3209A00959}.Release|ARM.Build.0 = Release|Any CPU
		{030AAD55-7928-4415-A39E-CB3209A00959}.Release|x64.ActiveCfg = Release|Any CPU
		{030AAD55-7928-4415-A39E-CB3209A00959}.Release|x64.Build.0 = Release|Any CPU
		{030AAD55-7928-4415-A39E-CB3209A00959}.Release|x86.ActiveCfg = Release|Any CPU
		{030AAD55-7928-4415-A39E-CB3209A00959}.Release|x86.Build.0 = Release|Any CPU
		{030AAD55-7928-4415-A39E-CB3209A00959}.SingleImage|Any CPU.ActiveCfg = Release|Any CPU
		{030AAD55-7928-4415-A39E-CB3209A00959}.SingleImage|Any CPU.Build.0 = Release|Any CPU
		{030AAD55-7928-4415-A39E-CB3209A00959}.SingleImage|ARM.ActiveCfg = Release|Any CPU
		{030AAD55-7928-4415-A39E-CB3209A00959}.SingleImage|ARM.Build.0 = Release|Any CPU
		{030AAD55-7928-4415-A39E-CB3209A00959}.SingleImage|x64.ActiveCfg = Release|Any CPU
		{030AAD55-7928-4415-A39E-CB3209A00959}.SingleImage|x64.Build.0 = Release|Any CPU
		{030AAD55-7928-4415-A39E-CB3209A00959}.SingleImage|x86.ActiveCfg = Release|Any CPU
		{030AAD55-7928-4415-A39E-CB3209A00959}.SingleImage|x86.Build.0 = Release|Any CPU
		{53BAB6D5-6F91-4303-AFF1-A818706E7971}.CD_ROM|Any CPU.ActiveCfg = CD_ROM
		{53BAB6D5-6F91-4303-AFF1-A818706E7971}.CD_ROM|Any CPU.Build.0 = CD_ROM
		{53BAB6D5-6F91-4303-AFF1-A818706E7971}.CD_ROM|ARM.ActiveCfg = CD_ROM
		{53BAB6D5-6F91-4303-AFF1-A818706E7971}.CD_ROM|ARM.Build.0 = CD_ROM
		{53BAB6D5-6F91-4303-AFF1-A818706E7971}.CD_ROM|x64.ActiveCfg = CD_ROM
		{53BAB6D5-6F91-4303-AFF1-A818706E7971}.CD_ROM|x64.Build.0 = CD_ROM
		{53BAB6D5-6F91-4303-AFF1-A818706E7971}.CD_ROM|x86.ActiveCfg = CD_ROM
		{53BAB6D5-6F91-4303-AFF1-A818706E7971}.CD_ROM|x86.Build.0 = CD_ROM
		{53BAB6D5-6F91-4303-AFF1-A818706E7971}.Debug|Any CPU.ActiveCfg = DVD-5
		{53BAB6D5-6F91-4303-AFF1-A818706E7971}.Debug|Any CPU.Build.0 = DVD-5
		{53BAB6D5-6F91-4303-AFF1-A818706E7971}.Debug|ARM.ActiveCfg = DVD-5
		{53BAB6D5-6F91-4303-AFF1-A818706E7971}.Debug|ARM.Build.0 = DVD-5
		{53BAB6D5-6F91-4303-AFF1-A818706E7971}.Debug|x64.ActiveCfg = DVD-5
		{53BAB6D5-6F91-4303-AFF1-A818706E7971}.Debug|x64.Build.0 = DVD-5
		{53BAB6D5-6F91-4303-AFF1-A818706E7971}.Debug|x86.ActiveCfg = DVD-5
		{53BAB6D5-6F91-4303-AFF1-A818706E7971}.Debug|x86.Build.0 = DVD-5
		{53BAB6D5-6F91-4303-AFF1-A818706E7971}.DVD-5|Any CPU.ActiveCfg = DVD-5
		{53BAB6D5-6F91-4303-AFF1-A818706E7971}.DVD-5|Any CPU.Build.0 = DVD-5
		{53BAB6D5-6F91-4303-AFF1-A818706E7971}.DVD-5|ARM.ActiveCfg = DVD-5
		{53BAB6D5-6F91-4303-AFF1-A818706E7971}.DVD-5|ARM.Build.0 = DVD-5
		{53BAB6D5-6F91-4303-AFF1-A818706E7971}.DVD-5|x64.ActiveCfg = DVD-5
		{53BAB6D5-6F91-4303-AFF1-A818706E7971}.DVD-5|x64.Build.0 = DVD-5
		{53BAB6D5-6F91-4303-AFF1-A818706E7971}.DVD-5|x86.ActiveCfg = DVD-5
		{53BAB6D5-6F91-4303-AFF1-A818706E7971}.DVD-5|x86.Build.0 = DVD-5
		{53BAB6D5-6F91-4303-AFF1-A818706E7971}.Release|Any CPU.ActiveCfg = SingleImage
		{53BAB6D5-6F91-4303-AFF1-A818706E7971}.Release|Any CPU.Build.0 = SingleImage
		{53BAB6D5-6F91-4303-AFF1-A818706E7971}.Release|ARM.ActiveCfg = SingleImage
		{53BAB6D5-6F91-4303-AFF1-A818706E7971}.Release|ARM.Build.0 = SingleImage
		{53BAB6D5-6F91-4303-AFF1-A818706E7971}.Release|x64.ActiveCfg = SingleImage
		{53BAB6D5-6F91-4303-AFF1-A818706E7971}.Release|x64.Build.0 = SingleImage
		{53BAB6D5-6F91-4303-AFF1-A818706E7971}.Release|x86.ActiveCfg = SingleImage
		{53BAB6D5-6F91-4303-AFF1-A818706E7971}.Release|x86.Build.0 = SingleImage
		{53BAB6D5-6F91-4303-AFF1-A818706E7971}.SingleImage|Any CPU.ActiveCfg = SingleImage
		{53BAB6D5-6F91-4303-AFF1-A818706E7971}.SingleImage|Any CPU.Build.0 = SingleImage
		{53BAB6D5-6F91-4303-AFF1-A818706E7971}.SingleImage|ARM.ActiveCfg = SingleImage
		{53BAB6D5-6F91-4303-AFF1-A818706E7971}.SingleImage|ARM.Build.0 = SingleImage
		{53BAB6D5-6F91-4303-AFF1-A818706E7971}.SingleImage|x64.ActiveCfg = SingleImage
		{53BAB6D5-6F91-4303-AFF1-A818706E7971}.SingleImage|x64.Build.0 = SingleImage
		{53BAB6D5-6F91-4303-AFF1-A818706E7971}.SingleImage|x86.ActiveCfg = SingleImage
		{53BAB6D5-6F91-4303-AFF1-A818706E7971}.SingleImage|x86.Build.0 = SingleImage
	EndGlobalSection
	GlobalSection(SolutionProperties) = preSolution
		HideSolutionNode = FALSE
	EndGlobalSection
EndGlobal
